
Microsoft Visual Studio Solution File, Format Version 12.00
# Visual Studio Version 17
VisualStudioVersion = 17.11.35312.102
MinimumVisualStudioVersion = 10.0.40219.1
Project("{2150E333-8FDC-42A3-9474-1A3956D46DE8}") = "Task0", "Task0", "{84F1F541-C86D-4391-AB44-D03ECEB4A9AE}"
EndProject
Project("{9A19103F-16F7-4668-BE54-9A1E7A4F7556}") = "Tyuiu.KhudoiberdievDB.Sprint1.Task0.V4", "Tyuiu.KhudoiberdievDB.Sprint1.Task0.V4\Tyuiu.KhudoiberdievDB.Sprint1.Task0.V4.csproj", "{50FB24E2-1240-44AB-91AC-2D1D5EB7CDF3}"
EndProject
Project("{9A19103F-16F7-4668-BE54-9A1E7A4F7556}") = "Tyuiu.KhudoiberdievDB.Sprint1.Task0.V4.Test", "Tyuiu.KhudoiberdievDB.Sprint1.Task0.V4.Test\Tyuiu.KhudoiberdievDB.Sprint1.Task0.V4.Test.csproj", "{3CC05B84-DACE-4FCF-A6CF-491C91079D66}"
EndProject
Project("{9A19103F-16F7-4668-BE54-9A1E7A4F7556}") = "Tyuiu.KhudoiberdievDB.Sprint1.Task0.V0", "Tyuiu.KhudoiberdievDB.Sprint1.Task0.V0\Tyuiu.KhudoiberdievDB.Sprint1.Task0.V0.csproj", "{DA532C30-20CB-4F4F-8B54-0B2910D910F2}"
EndProject
Project("{9A19103F-16F7-4668-BE54-9A1E7A4F7556}") = "Tyuiu.KhudoiberdievDB.Sprint1.Task0.V0.Lib", "Tyuiu.KhudoiberdievDB.Sprint1.Task0.V0.Lib\Tyuiu.KhudoiberdievDB.Sprint1.Task0.V0.Lib.csproj", "{865CE939-61F5-49DC-B9F2-8038E1708301}"
EndProject
Project("{9A19103F-16F7-4668-BE54-9A1E7A4F7556}") = "Tyuiu.KhudoiberdievDB.Sprint1.Task0.V0.Test", "Tyuiu.KhudoiberdievDB.Sprint1.Task0.V0.Test\Tyuiu.KhudoiberdievDB.Sprint1.Task0.V0.Test.csproj", "{E329F59C-0478-4C03-8958-D33D3D964E51}"
EndProject
Project("{2150E333-8FDC-42A3-9474-1A3956D46DE8}") = "Task1", "Task1", "{6528F35F-1F47-4718-B821-630BBAD4B3FC}"
EndProject
Project("{9A19103F-16F7-4668-BE54-9A1E7A4F7556}") = "Tyuiu.KhudoiberdievDB.Sprint1.Task1.V15", "Tyuiu.KhudoiberdievDB.Sprint1.Task1.V15\Tyuiu.KhudoiberdievDB.Sprint1.Task1.V15.csproj", "{B73E0315-788C-4585-B6C5-FABD9F9C9325}"
EndProject
Project("{9A19103F-16F7-4668-BE54-9A1E7A4F7556}") = "Tyuiu.KhudoiberdievDB.Sprint1.Task1.V15.Test", "Tyuiu.KhudoiberdievDB.Sprint1.Task1.V15.Test\Tyuiu.KhudoiberdievDB.Sprint1.Task1.V15.Test.csproj", "{B70CEDAC-B1AE-416E-9FF8-5E80D4C310C6}"
EndProject
Project("{9A19103F-16F7-4668-BE54-9A1E7A4F7556}") = "Tyuiu.KhudoiberdievDB.Sprint1.Task1.V15.Lib", "Tyuiu.KhudoiberdievDB.Sprint1.Task1.V15.Lib\Tyuiu.KhudoiberdievDB.Sprint1.Task1.V15.Lib.csproj", "{2E610E63-01C5-4B92-80C9-294D0AB8F1A9}"
EndProject
Project("{FAE04EC0-301F-11D3-BF4B-00C04F79EFBC}") = "Tyuiu.KhudoiberdievDB.Sprint1.Task0.V4.Lib", "Tyuiu.KhudoberdievDB.Sprint1.Task0.V4.Lib\Tyuiu.KhudoiberdievDB.Sprint1.Task0.V4.Lib.csproj", "{5B2DCA10-1393-4A00-BBA2-14EB91D6D1D2}"
EndProject
Project("{2150E333-8FDC-42A3-9474-1A3956D46DE8}") = "Task2", "Task2", "{D7BA7F88-ED89-47F3-9CF1-9010D0AF5915}"
EndProject
Project("{FAE04EC0-301F-11D3-BF4B-00C04F79EFBC}") = "Tyuiu.KhudoiberdievDB.Sprint1.Task2.V22", "Tyuiu.KhudoiberdievDB.Sprint1.Task2.V22\Tyuiu.KhudoiberdievDB.Sprint1.Task2.V22.csproj", "{91D8CAE1-20E6-4A60-9215-011CA5275662}"
EndProject
Project("{FAE04EC0-301F-11D3-BF4B-00C04F79EFBC}") = "Tyuiu.KhudoiberdievDB.Sprint1.Task2.V22.Test", "Tyuiu.KhudoiberdievDB.Sprint1.Task2.V22.Test\Tyuiu.KhudoiberdievDB.Sprint1.Task2.V22.Test.csproj", "{09C1E9DE-617F-43F8-839A-025A8FA9603A}"
EndProject
Project("{FAE04EC0-301F-11D3-BF4B-00C04F79EFBC}") = "Tyuiu.KhudoiberdievDB.Sprint1.Task2.V22.Lib", "Tyuiu.KhudoiberdievDB.Sprint1.Task2.V22.Lib\Tyuiu.KhudoiberdievDB.Sprint1.Task2.V22.Lib.csproj", "{6BE6747E-458A-4A94-98B8-87462F6D4A17}"
EndProject
Project("{2150E333-8FDC-42A3-9474-1A3956D46DE8}") = "Task3", "Task3", "{0D1DBA17-FCA1-4E6C-A6F8-73134612C802}"
EndProject
Project("{FAE04EC0-301F-11D3-BF4B-00C04F79EFBC}") = "Tyuiu.KhudoiberdievDB.Sprint1.Task3.V13", "Tyuiu.KhudoiberdievDB.Sprint1.Task3.V13\Tyuiu.KhudoiberdievDB.Sprint1.Task3.V13.csproj", "{56B05E5D-484B-4BC1-9776-B60DAFB0D0E3}"
EndProject
Project("{FAE04EC0-301F-11D3-BF4B-00C04F79EFBC}") = "Tyuiu.KhudoiberdievDB.Sprint1.Task3.V13.Test", "Tyuiu.KhudoiberdievDB.Sprint1.Task3.V13.Test\Tyuiu.KhudoiberdievDB.Sprint1.Task3.V13.Test.csproj", "{885F9FE2-366C-4832-9CF6-CF8BC055EA74}"
EndProject
Project("{FAE04EC0-301F-11D3-BF4B-00C04F79EFBC}") = "Tyuiu.KhudoiberdievDB.Sprint1.Task3.V13.Lib", "Tyuiu.KhudoiberdievDB.Sprint1.Task3.V13.Lib\Tyuiu.KhudoiberdievDB.Sprint1.Task3.V13.Lib.csproj", "{9CF9324C-D939-4706-8EC6-C16C8C8B7880}"
EndProject
Project("{2150E333-8FDC-42A3-9474-1A3956D46DE8}") = "Task4", "Task4", "{F0C1DC74-8F8D-4383-9AFD-4B27D3E90036}"
EndProject
Project("{FAE04EC0-301F-11D3-BF4B-00C04F79EFBC}") = "Tyuiu.KhudoiberdievDB.Sprint1.Task4.V12.Test", "Tyuiu.KhudoiberdievDB.Sprint1.Task4.V12.Test\Tyuiu.KhudoiberdievDB.Sprint1.Task4.V12.Test.csproj", "{5A3A3A04-24D5-4A7A-A3A0-18209CDCCA41}"
EndProject
Project("{FAE04EC0-301F-11D3-BF4B-00C04F79EFBC}") = "Tyuiu.KhudoiberdievDB.Sprint1.Task4.V12.Lib", "Tyuiu.KhudoiberdievDB.Sprint1.Task4.V12.Lib\Tyuiu.KhudoiberdievDB.Sprint1.Task4.V12.Lib.csproj", "{EC6FE691-A5FD-4875-B818-1C35D35C3E1E}"
EndProject
Project("{FAE04EC0-301F-11D3-BF4B-00C04F79EFBC}") = "Tyuiu.KhudoiberdievDB.Sprint1.Task4.V12", "Tyuiu.KhudoiberdievDB.Sprint1.Task4.V12\Tyuiu.KhudoiberdievDB.Sprint1.Task4.V12.csproj", "{3DA80868-96F3-4BDA-BEC3-F7F1DBB85163}"
EndProject
Global
	GlobalSection(SolutionConfigurationPlatforms) = preSolution
		Debug|Any CPU = Debug|Any CPU
		Release|Any CPU = Release|Any CPU
	EndGlobalSection
	GlobalSection(ProjectConfigurationPlatforms) = postSolution
		{50FB24E2-1240-44AB-91AC-2D1D5EB7CDF3}.Debug|Any CPU.ActiveCfg = Debug|Any CPU
		{50FB24E2-1240-44AB-91AC-2D1D5EB7CDF3}.Debug|Any CPU.Build.0 = Debug|Any CPU
		{50FB24E2-1240-44AB-91AC-2D1D5EB7CDF3}.Release|Any CPU.ActiveCfg = Release|Any CPU
		{50FB24E2-1240-44AB-91AC-2D1D5EB7CDF3}.Release|Any CPU.Build.0 = Release|Any CPU
		{3CC05B84-DACE-4FCF-A6CF-491C91079D66}.Debug|Any CPU.ActiveCfg = Debug|Any CPU
		{3CC05B84-DACE-4FCF-A6CF-491C91079D66}.Debug|Any CPU.Build.0 = Debug|Any CPU
		{3CC05B84-DACE-4FCF-A6CF-491C91079D66}.Release|Any CPU.ActiveCfg = Release|Any CPU
		{3CC05B84-DACE-4FCF-A6CF-491C91079D66}.Release|Any CPU.Build.0 = Release|Any CPU
		{DA532C30-20CB-4F4F-8B54-0B2910D910F2}.Debug|Any CPU.ActiveCfg = Debug|Any CPU
		{DA532C30-20CB-4F4F-8B54-0B2910D910F2}.Debug|Any CPU.Build.0 = Debug|Any CPU
		{DA532C30-20CB-4F4F-8B54-0B2910D910F2}.Release|Any CPU.ActiveCfg = Release|Any CPU
		{DA532C30-20CB-4F4F-8B54-0B2910D910F2}.Release|Any CPU.Build.0 = Release|Any CPU
		{865CE939-61F5-49DC-B9F2-8038E1708301}.Debug|Any CPU.ActiveCfg = Debug|Any CPU
		{865CE939-61F5-49DC-B9F2-8038E1708301}.Debug|Any CPU.Build.0 = Debug|Any CPU
		{865CE939-61F5-49DC-B9F2-8038E1708301}.Release|Any CPU.ActiveCfg = Release|Any CPU
		{865CE939-61F5-49DC-B9F2-8038E1708301}.Release|Any CPU.Build.0 = Release|Any CPU
		{E329F59C-0478-4C03-8958-D33D3D964E51}.Debug|Any CPU.ActiveCfg = Debug|Any CPU
		{E329F59C-0478-4C03-8958-D33D3D964E51}.Debug|Any CPU.Build.0 = Debug|Any CPU
		{E329F59C-0478-4C03-8958-D33D3D964E51}.Release|Any CPU.ActiveCfg = Release|Any CPU
		{E329F59C-0478-4C03-8958-D33D3D964E51}.Release|Any CPU.Build.0 = Release|Any CPU
		{B73E0315-788C-4585-B6C5-FABD9F9C9325}.Debug|Any CPU.ActiveCfg = Debug|Any CPU
		{B73E0315-788C-4585-B6C5-FABD9F9C9325}.Debug|Any CPU.Build.0 = Debug|Any CPU
		{B73E0315-788C-4585-B6C5-FABD9F9C9325}.Release|Any CPU.ActiveCfg = Release|Any CPU
		{B73E0315-788C-4585-B6C5-FABD9F9C9325}.Release|Any CPU.Build.0 = Release|Any CPU
		{B70CEDAC-B1AE-416E-9FF8-5E80D4C310C6}.Debug|Any CPU.ActiveCfg = Debug|Any CPU
		{B70CEDAC-B1AE-416E-9FF8-5E80D4C310C6}.Debug|Any CPU.Build.0 = Debug|Any CPU
		{B70CEDAC-B1AE-416E-9FF8-5E80D4C310C6}.Release|Any CPU.ActiveCfg = Release|Any CPU
		{B70CEDAC-B1AE-416E-9FF8-5E80D4C310C6}.Release|Any CPU.Build.0 = Release|Any CPU
		{2E610E63-01C5-4B92-80C9-294D0AB8F1A9}.Debug|Any CPU.ActiveCfg = Debug|Any CPU
		{2E610E63-01C5-4B92-80C9-294D0AB8F1A9}.Debug|Any CPU.Build.0 = Debug|Any CPU
		{2E610E63-01C5-4B92-80C9-294D0AB8F1A9}.Release|Any CPU.ActiveCfg = Release|Any CPU
		{2E610E63-01C5-4B92-80C9-294D0AB8F1A9}.Release|Any CPU.Build.0 = Release|Any CPU
		{5B2DCA10-1393-4A00-BBA2-14EB91D6D1D2}.Debug|Any CPU.ActiveCfg = Debug|Any CPU
		{5B2DCA10-1393-4A00-BBA2-14EB91D6D1D2}.Debug|Any CPU.Build.0 = Debug|Any CPU
		{5B2DCA10-1393-4A00-BBA2-14EB91D6D1D2}.Release|Any CPU.ActiveCfg = Release|Any CPU
		{5B2DCA10-1393-4A00-BBA2-14EB91D6D1D2}.Release|Any CPU.Build.0 = Release|Any CPU
		{91D8CAE1-20E6-4A60-9215-011CA5275662}.Debug|Any CPU.ActiveCfg = Debug|Any CPU
		{91D8CAE1-20E6-4A60-9215-011CA5275662}.Debug|Any CPU.Build.0 = Debug|Any CPU
		{91D8CAE1-20E6-4A60-9215-011CA5275662}.Release|Any CPU.ActiveCfg = Release|Any CPU
		{91D8CAE1-20E6-4A60-9215-011CA5275662}.Release|Any CPU.Build.0 = Release|Any CPU
		{09C1E9DE-617F-43F8-839A-025A8FA9603A}.Debug|Any CPU.ActiveCfg = Debug|Any CPU
		{09C1E9DE-617F-43F8-839A-025A8FA9603A}.Debug|Any CPU.Build.0 = Debug|Any CPU
		{09C1E9DE-617F-43F8-839A-025A8FA9603A}.Release|Any CPU.ActiveCfg = Release|Any CPU
		{09C1E9DE-617F-43F8-839A-025A8FA9603A}.Release|Any CPU.Build.0 = Release|Any CPU
		{6BE6747E-458A-4A94-98B8-87462F6D4A17}.Debug|Any CPU.ActiveCfg = Debug|Any CPU
		{6BE6747E-458A-4A94-98B8-87462F6D4A17}.Debug|Any CPU.Build.0 = Debug|Any CPU
		{6BE6747E-458A-4A94-98B8-87462F6D4A17}.Release|Any CPU.ActiveCfg = Release|Any CPU
		{6BE6747E-458A-4A94-98B8-87462F6D4A17}.Release|Any CPU.Build.0 = Release|Any CPU
		{56B05E5D-484B-4BC1-9776-B60DAFB0D0E3}.Debug|Any CPU.ActiveCfg = Debug|Any CPU
		{56B05E5D-484B-4BC1-9776-B60DAFB0D0E3}.Debug|Any CPU.Build.0 = Debug|Any CPU
		{56B05E5D-484B-4BC1-9776-B60DAFB0D0E3}.Release|Any CPU.ActiveCfg = Release|Any CPU
		{56B05E5D-484B-4BC1-9776-B60DAFB0D0E3}.Release|Any CPU.Build.0 = Release|Any CPU
		{885F9FE2-366C-4832-9CF6-CF8BC055EA74}.Debug|Any CPU.ActiveCfg = Debug|Any CPU
		{885F9FE2-366C-4832-9CF6-CF8BC055EA74}.Debug|Any CPU.Build.0 = Debug|Any CPU
		{885F9FE2-366C-4832-9CF6-CF8BC055EA74}.Release|Any CPU.ActiveCfg = Release|Any CPU
		{885F9FE2-366C-4832-9CF6-CF8BC055EA74}.Release|Any CPU.Build.0 = Release|Any CPU
		{9CF9324C-D939-4706-8EC6-C16C8C8B7880}.Debug|Any CPU.ActiveCfg = Debug|Any CPU
		{9CF9324C-D939-4706-8EC6-C16C8C8B7880}.Debug|Any CPU.Build.0 = Debug|Any CPU
		{9CF9324C-D939-4706-8EC6-C16C8C8B7880}.Release|Any CPU.ActiveCfg = Release|Any CPU
		{9CF9324C-D939-4706-8EC6-C16C8C8B7880}.Release|Any CPU.Build.0 = Release|Any CPU
		{5A3A3A04-24D5-4A7A-A3A0-18209CDCCA41}.Debug|Any CPU.ActiveCfg = Debug|Any CPU
		{5A3A3A04-24D5-4A7A-A3A0-18209CDCCA41}.Debug|Any CPU.Build.0 = Debug|Any CPU
		{5A3A3A04-24D5-4A7A-A3A0-18209CDCCA41}.Release|Any CPU.ActiveCfg = Release|Any CPU
		{5A3A3A04-24D5-4A7A-A3A0-18209CDCCA41}.Release|Any CPU.Build.0 = Release|Any CPU
		{EC6FE691-A5FD-4875-B818-1C35D35C3E1E}.Debug|Any CPU.ActiveCfg = Debug|Any CPU
		{EC6FE691-A5FD-4875-B818-1C35D35C3E1E}.Debug|Any CPU.Build.0 = Debug|Any CPU
		{EC6FE691-A5FD-4875-B818-1C35D35C3E1E}.Release|Any CPU.ActiveCfg = Release|Any CPU
		{EC6FE691-A5FD-4875-B818-1C35D35C3E1E}.Release|Any CPU.Build.0 = Release|Any CPU
		{3DA80868-96F3-4BDA-BEC3-F7F1DBB85163}.Debug|Any CPU.ActiveCfg = Debug|Any CPU
		{3DA80868-96F3-4BDA-BEC3-F7F1DBB85163}.Debug|Any CPU.Build.0 = Debug|Any CPU
		{3DA80868-96F3-4BDA-BEC3-F7F1DBB85163}.Release|Any CPU.ActiveCfg = Release|Any CPU
		{3DA80868-96F3-4BDA-BEC3-F7F1DBB85163}.Release|Any CPU.Build.0 = Release|Any CPU
	EndGlobalSection
	GlobalSection(SolutionProperties) = preSolution
		HideSolutionNode = FALSE
	EndGlobalSection
	GlobalSection(NestedProjects) = preSolution
		{50FB24E2-1240-44AB-91AC-2D1D5EB7CDF3} = {84F1F541-C86D-4391-AB44-D03ECEB4A9AE}
		{3CC05B84-DACE-4FCF-A6CF-491C91079D66} = {84F1F541-C86D-4391-AB44-D03ECEB4A9AE}
		{DA532C30-20CB-4F4F-8B54-0B2910D910F2} = {84F1F541-C86D-4391-AB44-D03ECEB4A9AE}
		{865CE939-61F5-49DC-B9F2-8038E1708301} = {84F1F541-C86D-4391-AB44-D03ECEB4A9AE}
		{E329F59C-0478-4C03-8958-D33D3D964E51} = {84F1F541-C86D-4391-AB44-D03ECEB4A9AE}
		{B73E0315-788C-4585-B6C5-FABD9F9C9325} = {6528F35F-1F47-4718-B821-630BBAD4B3FC}
		{B70CEDAC-B1AE-416E-9FF8-5E80D4C310C6} = {6528F35F-1F47-4718-B821-630BBAD4B3FC}
		{2E610E63-01C5-4B92-80C9-294D0AB8F1A9} = {6528F35F-1F47-4718-B821-630BBAD4B3FC}
		{5B2DCA10-1393-4A00-BBA2-14EB91D6D1D2} = {84F1F541-C86D-4391-AB44-D03ECEB4A9AE}
		{91D8CAE1-20E6-4A60-9215-011CA5275662} = {D7BA7F88-ED89-47F3-9CF1-9010D0AF5915}
		{09C1E9DE-617F-43F8-839A-025A8FA9603A} = {D7BA7F88-ED89-47F3-9CF1-9010D0AF5915}
		{6BE6747E-458A-4A94-98B8-87462F6D4A17} = {D7BA7F88-ED89-47F3-9CF1-9010D0AF5915}
		{56B05E5D-484B-4BC1-9776-B60DAFB0D0E3} = {0D1DBA17-FCA1-4E6C-A6F8-73134612C802}
		{885F9FE2-366C-4832-9CF6-CF8BC055EA74} = {0D1DBA17-FCA1-4E6C-A6F8-73134612C802}
		{9CF9324C-D939-4706-8EC6-C16C8C8B7880} = {0D1DBA17-FCA1-4E6C-A6F8-73134612C802}
		{5A3A3A04-24D5-4A7A-A3A0-18209CDCCA41} = {F0C1DC74-8F8D-4383-9AFD-4B27D3E90036}
		{EC6FE691-A5FD-4875-B818-1C35D35C3E1E} = {F0C1DC74-8F8D-4383-9AFD-4B27D3E90036}
		{3DA80868-96F3-4BDA-BEC3-F7F1DBB85163} = {F0C1DC74-8F8D-4383-9AFD-4B27D3E90036}
	EndGlobalSection
	GlobalSection(ExtensibilityGlobals) = postSolution
		SolutionGuid = {E4819C7D-C23B-4586-A3EE-43129F151FAD}
	EndGlobalSection
EndGlobal
